
Microsoft Visual Studio Solution File, Format Version 12.00
# Visual Studio Version 17
VisualStudioVersion = 17.5.33424.131
MinimumVisualStudioVersion = 10.0.40219.1
Project("{FAE04EC0-301F-11D3-BF4B-00C04F79EFBC}") = "Korean Api", "Korean Api.csproj", "{79D67C5E-2FF9-4CF1-A36E-6058D6F0244E}"
EndProject
Global
	GlobalSection(SolutionConfigurationPlatforms) = preSolution
		Debug|Any CPU = Debug|Any CPU
		Release|Any CPU = Release|Any CPU
	EndGlobalSection
	GlobalSection(ProjectConfigurationPlatforms) = postSolution
		{79D67C5E-2FF9-4CF1-A36E-6058D6F0244E}.Debug|Any CPU.ActiveCfg = Debug|Any CPU
		{79D67C5E-2FF9-4CF1-A36E-6058D6F0244E}.Debug|Any CPU.Build.0 = Debug|Any CPU
		{79D67C5E-2FF9-4CF1-A36E-6058D6F0244E}.Release|Any CPU.ActiveCfg = Release|Any CPU
		{79D67C5E-2FF9-4CF1-A36E-6058D6F0244E}.Release|Any CPU.Build.0 = Release|Any CPU
	EndGlobalSection
	GlobalSection(SolutionProperties) = preSolution
		HideSolutionNode = FALSE
	EndGlobalSection
	GlobalSection(ExtensibilityGlobals) = postSolution
		SolutionGuid = {EC720704-21A3-45E6-901A-B3B228F7AED0}
	EndGlobalSection
EndGlobal
